
Microsoft Visual Studio Solution File, Format Version 12.00
# Visual Studio Version 16
VisualStudioVersion = 16.0.29418.71
MinimumVisualStudioVersion = 10.0.40219.1
Project("{9A19103F-16F7-4668-BE54-9A1E7A4F7556}") = "LZY.WebApi", "LZY.WebApi\LZY.WebApi.csproj", "{B1097DFD-4D51-4C4C-8BC0-B76226963A37}"
EndProject
Project("{9A19103F-16F7-4668-BE54-9A1E7A4F7556}") = "LZY.Model", "LZY.Model\LZY.Model.csproj", "{5DEF8EB7-AB28-4F4D-AD47-25B742B98C40}"
EndProject
Project("{9A19103F-16F7-4668-BE54-9A1E7A4F7556}") = "LZY.DataAccess", "LZY.DataAccess\LZY.DataAccess.csproj", "{C1C90B2F-FB21-4B5B-95B2-B1632801EC12}"
EndProject
Project("{9A19103F-16F7-4668-BE54-9A1E7A4F7556}") = "LZY.ViewModel", "LZY.ViewModel\LZY.ViewModel.csproj", "{0A82F7CB-D11E-42AB-AE14-B76814610CAA}"
EndProject
Project("{FAE04EC0-301F-11D3-BF4B-00C04F79EFBC}") = "LZY.ConsoleTest", "LZY.Console\LZY.ConsoleTest.csproj", "{BBBB0AB3-58E4-46AB-8498-B02E61912ACE}"
EndProject
Global
	GlobalSection(SolutionConfigurationPlatforms) = preSolution
		Debug|Any CPU = Debug|Any CPU
		Release|Any CPU = Release|Any CPU
	EndGlobalSection
	GlobalSection(ProjectConfigurationPlatforms) = postSolution
		{B1097DFD-4D51-4C4C-8BC0-B76226963A37}.Debug|Any CPU.ActiveCfg = Debug|Any CPU
		{B1097DFD-4D51-4C4C-8BC0-B76226963A37}.Debug|Any CPU.Build.0 = Debug|Any CPU
		{B1097DFD-4D51-4C4C-8BC0-B76226963A37}.Release|Any CPU.ActiveCfg = Release|Any CPU
		{B1097DFD-4D51-4C4C-8BC0-B76226963A37}.Release|Any CPU.Build.0 = Release|Any CPU
		{5DEF8EB7-AB28-4F4D-AD47-25B742B98C40}.Debug|Any CPU.ActiveCfg = Debug|Any CPU
		{5DEF8EB7-AB28-4F4D-AD47-25B742B98C40}.Debug|Any CPU.Build.0 = Debug|Any CPU
		{5DEF8EB7-AB28-4F4D-AD47-25B742B98C40}.Release|Any CPU.ActiveCfg = Release|Any CPU
		{5DEF8EB7-AB28-4F4D-AD47-25B742B98C40}.Release|Any CPU.Build.0 = Release|Any CPU
		{C1C90B2F-FB21-4B5B-95B2-B1632801EC12}.Debug|Any CPU.ActiveCfg = Debug|Any CPU
		{C1C90B2F-FB21-4B5B-95B2-B1632801EC12}.Debug|Any CPU.Build.0 = Debug|Any CPU
		{C1C90B2F-FB21-4B5B-95B2-B1632801EC12}.Release|Any CPU.ActiveCfg = Release|Any CPU
		{C1C90B2F-FB21-4B5B-95B2-B1632801EC12}.Release|Any CPU.Build.0 = Release|Any CPU
		{0A82F7CB-D11E-42AB-AE14-B76814610CAA}.Debug|Any CPU.ActiveCfg = Debug|Any CPU
		{0A82F7CB-D11E-42AB-AE14-B76814610CAA}.Debug|Any CPU.Build.0 = Debug|Any CPU
		{0A82F7CB-D11E-42AB-AE14-B76814610CAA}.Release|Any CPU.ActiveCfg = Release|Any CPU
		{0A82F7CB-D11E-42AB-AE14-B76814610CAA}.Release|Any CPU.Build.0 = Release|Any CPU
		{BBBB0AB3-58E4-46AB-8498-B02E61912ACE}.Debug|Any CPU.ActiveCfg = Debug|Any CPU
		{BBBB0AB3-58E4-46AB-8498-B02E61912ACE}.Debug|Any CPU.Build.0 = Debug|Any CPU
		{BBBB0AB3-58E4-46AB-8498-B02E61912ACE}.Release|Any CPU.ActiveCfg = Release|Any CPU
		{BBBB0AB3-58E4-46AB-8498-B02E61912ACE}.Release|Any CPU.Build.0 = Release|Any CPU
	EndGlobalSection
	GlobalSection(SolutionProperties) = preSolution
		HideSolutionNode = FALSE
	EndGlobalSection
	GlobalSection(ExtensibilityGlobals) = postSolution
		SolutionGuid = {F72C358C-A6D9-4145-893F-80A768F43547}
	EndGlobalSection
EndGlobal
